
Microsoft Visual Studio Solution File, Format Version 12.00
# Visual Studio 15
VisualStudioVersion = 15.0.27703.2047
MinimumVisualStudioVersion = 10.0.40219.1
Project("{FAE04EC0-301F-11D3-BF4B-00C04F79EFBC}") = "Workstation", "Workstation\Workstation.csproj", "{DEDD21A0-F51D-4B0F-B523-AE21030847EC}"
EndProject
Global
	GlobalSection(SolutionConfigurationPlatforms) = preSolution
		Debug|Any CPU = Debug|Any CPU
		Release|Any CPU = Release|Any CPU
	EndGlobalSection
	GlobalSection(ProjectConfigurationPlatforms) = postSolution
		{DEDD21A0-F51D-4B0F-B523-AE21030847EC}.Debug|Any CPU.ActiveCfg = Debug|Any CPU
		{DEDD21A0-F51D-4B0F-B523-AE21030847EC}.Debug|Any CPU.Build.0 = Debug|Any CPU
		{DEDD21A0-F51D-4B0F-B523-AE21030847EC}.Release|Any CPU.ActiveCfg = Release|Any CPU
		{DEDD21A0-F51D-4B0F-B523-AE21030847EC}.Release|Any CPU.Build.0 = Release|Any CPU
	EndGlobalSection
	GlobalSection(SolutionProperties) = preSolution
		HideSolutionNode = FALSE
	EndGlobalSection
	GlobalSection(ExtensibilityGlobals) = postSolution
		SolutionGuid = {CCDD9826-C76F-44CC-99E7-FAFBDEE5DA92}
	EndGlobalSection
EndGlobal
